
Microsoft Visual Studio Solution File, Format Version 12.00
# Visual Studio Version 16
VisualStudioVersion = 25.0.1706.4
MinimumVisualStudioVersion = 10.0.40219.1
Project("{FAE04EC0-301F-11D3-BF4B-00C04F79EFBC}") = "BulkyWeb", "BulkyWeb\BulkyWeb.csproj", "{57F3379D-899F-463C-B94E-E881CA86B78E}"
EndProject
Global
	GlobalSection(SolutionConfigurationPlatforms) = preSolution
		Debug|Any CPU = Debug|Any CPU
		Release|Any CPU = Release|Any CPU
	EndGlobalSection
	GlobalSection(ProjectConfigurationPlatforms) = postSolution
		{57F3379D-899F-463C-B94E-E881CA86B78E}.Debug|Any CPU.ActiveCfg = Debug|Any CPU
		{57F3379D-899F-463C-B94E-E881CA86B78E}.Debug|Any CPU.Build.0 = Debug|Any CPU
		{57F3379D-899F-463C-B94E-E881CA86B78E}.Release|Any CPU.ActiveCfg = Release|Any CPU
		{57F3379D-899F-463C-B94E-E881CA86B78E}.Release|Any CPU.Build.0 = Release|Any CPU
	EndGlobalSection
	GlobalSection(SolutionProperties) = preSolution
		HideSolutionNode = FALSE
	EndGlobalSection
	GlobalSection(ExtensibilityGlobals) = postSolution
		SolutionGuid = {78F1467C-CB6A-47CD-B2F8-E091D78A019F}
	EndGlobalSection
EndGlobal
